// !$*UTF8*$!
{
	archiveVersion = 1;
	classes = {
	};
	objectVersion = 46;
	objects = {

/* Begin PBXBuildFile section */
		6B4F13101FDC53B5003BF987 /* LogiTowLib.h in Headers */ = {isa = PBXBuildFile; fileRef = 6B4F130F1FDC53B5003BF987 /* LogiTowLib.h */; };
		6B4F13121FDC53B5003BF987 /* LogiTowLib.m in Sources */ = {isa = PBXBuildFile; fileRef = 6B4F13111FDC53B5003BF987 /* LogiTowLib.m */; };
		6B4F132E1FDC5424003BF987 /* BabyBluetooth.h in Headers */ = {isa = PBXBuildFile; fileRef = 6B4F131C1FDC5424003BF987 /* BabyBluetooth.h */; };
		6B4F132F1FDC5424003BF987 /* BabyBluetooth.m in Sources */ = {isa = PBXBuildFile; fileRef = 6B4F131D1FDC5424003BF987 /* BabyBluetooth.m */; };
		6B4F13301FDC5424003BF987 /* BabyCallback.h in Headers */ = {isa = PBXBuildFile; fileRef = 6B4F131E1FDC5424003BF987 /* BabyCallback.h */; };
		6B4F13311FDC5424003BF987 /* BabyCallback.m in Sources */ = {isa = PBXBuildFile; fileRef = 6B4F131F1FDC5424003BF987 /* BabyCallback.m */; };
		6B4F13321FDC5424003BF987 /* BabyCentralManager.h in Headers */ = {isa = PBXBuildFile; fileRef = 6B4F13201FDC5424003BF987 /* BabyCentralManager.h */; };
		6B4F13331FDC5424003BF987 /* BabyCentralManager.m in Sources */ = {isa = PBXBuildFile; fileRef = 6B4F13211FDC5424003BF987 /* BabyCentralManager.m */; };
		6B4F13341FDC5424003BF987 /* BabyDefine.h in Headers */ = {isa = PBXBuildFile; fileRef = 6B4F13221FDC5424003BF987 /* BabyDefine.h */; };
		6B4F13351FDC5424003BF987 /* BabyDefine.m in Sources */ = {isa = PBXBuildFile; fileRef = 6B4F13231FDC5424003BF987 /* BabyDefine.m */; };
		6B4F13361FDC5424003BF987 /* BabyOptions.h in Headers */ = {isa = PBXBuildFile; fileRef = 6B4F13241FDC5424003BF987 /* BabyOptions.h */; };
		6B4F13371FDC5424003BF987 /* BabyOptions.m in Sources */ = {isa = PBXBuildFile; fileRef = 6B4F13251FDC5424003BF987 /* BabyOptions.m */; };
		6B4F13381FDC5424003BF987 /* BabyPeripheralManager.h in Headers */ = {isa = PBXBuildFile; fileRef = 6B4F13261FDC5424003BF987 /* BabyPeripheralManager.h */; };
		6B4F13391FDC5424003BF987 /* BabyPeripheralManager.m in Sources */ = {isa = PBXBuildFile; fileRef = 6B4F13271FDC5424003BF987 /* BabyPeripheralManager.m */; };
		6B4F133A1FDC5424003BF987 /* BabyRhythm.h in Headers */ = {isa = PBXBuildFile; fileRef = 6B4F13281FDC5424003BF987 /* BabyRhythm.h */; };
		6B4F133B1FDC5424003BF987 /* BabyRhythm.m in Sources */ = {isa = PBXBuildFile; fileRef = 6B4F13291FDC5424003BF987 /* BabyRhythm.m */; };
		6B4F133C1FDC5424003BF987 /* BabySpeaker.h in Headers */ = {isa = PBXBuildFile; fileRef = 6B4F132A1FDC5424003BF987 /* BabySpeaker.h */; };
		6B4F133D1FDC5424003BF987 /* BabySpeaker.m in Sources */ = {isa = PBXBuildFile; fileRef = 6B4F132B1FDC5424003BF987 /* BabySpeaker.m */; };
		6B4F133E1FDC5424003BF987 /* BabyToy.h in Headers */ = {isa = PBXBuildFile; fileRef = 6B4F132C1FDC5424003BF987 /* BabyToy.h */; };
		6B4F133F1FDC5424003BF987 /* BabyToy.m in Sources */ = {isa = PBXBuildFile; fileRef = 6B4F132D1FDC5424003BF987 /* BabyToy.m */; };
		6B4F13441FDC5BCE003BF987 /* controller.h in Headers */ = {isa = PBXBuildFile; fileRef = 6B4F13431FDC5BCE003BF987 /* controller.h */; };
		6B4F13461FDC5BED003BF987 /* controller.m in Sources */ = {isa = PBXBuildFile; fileRef = 6B4F13451FDC5BED003BF987 /* controller.m */; };
		6B7061911FE5497C005B1CA8 /* com_logitow_bridge_communication_platform_mac_MacDeviceManager.h in Headers */ = {isa = PBXBuildFile; fileRef = 6B7061901FE5497C005B1CA8 /* com_logitow_bridge_communication_platform_mac_MacDeviceManager.h */; };
/* End PBXBuildFile section */

/* Begin PBXFileReference section */
		6B4F130C1FDC53B5003BF987 /* liblogitow.jnilib */ = {isa = PBXFileReference; explicitFileType = "compiled.mach-o.dylib"; includeInIndex = 0; path = liblogitow.jnilib; sourceTree = BUILT_PRODUCTS_DIR; };
		6B4F130F1FDC53B5003BF987 /* LogiTowLib.h */ = {isa = PBXFileReference; lastKnownFileType = sourcecode.c.h; path = LogiTowLib.h; sourceTree = "<group>"; };
		6B4F13111FDC53B5003BF987 /* LogiTowLib.m */ = {isa = PBXFileReference; lastKnownFileType = sourcecode.c.objc; path = LogiTowLib.m; sourceTree = "<group>"; };
		6B4F131C1FDC5424003BF987 /* BabyBluetooth.h */ = {isa = PBXFileReference; fileEncoding = 4; lastKnownFileType = sourcecode.c.h; path = BabyBluetooth.h; sourceTree = "<group>"; };
		6B4F131D1FDC5424003BF987 /* BabyBluetooth.m */ = {isa = PBXFileReference; fileEncoding = 4; lastKnownFileType = sourcecode.c.objc; path = BabyBluetooth.m; sourceTree = "<group>"; };
		6B4F131E1FDC5424003BF987 /* BabyCallback.h */ = {isa = PBXFileReference; fileEncoding = 4; lastKnownFileType = sourcecode.c.h; path = BabyCallback.h; sourceTree = "<group>"; };
		6B4F131F1FDC5424003BF987 /* BabyCallback.m */ = {isa = PBXFileReference; fileEncoding = 4; lastKnownFileType = sourcecode.c.objc; path = BabyCallback.m; sourceTree = "<group>"; };
		6B4F13201FDC5424003BF987 /* BabyCentralManager.h */ = {isa = PBXFileReference; fileEncoding = 4; lastKnownFileType = sourcecode.c.h; path = BabyCentralManager.h; sourceTree = "<group>"; };
		6B4F13211FDC5424003BF987 /* BabyCentralManager.m */ = {isa = PBXFileReference; fileEncoding = 4; lastKnownFileType = sourcecode.c.objc; path = BabyCentralManager.m; sourceTree = "<group>"; };
		6B4F13221FDC5424003BF987 /* BabyDefine.h */ = {isa = PBXFileReference; fileEncoding = 4; lastKnownFileType = sourcecode.c.h; path = BabyDefine.h; sourceTree = "<group>"; };
		6B4F13231FDC5424003BF987 /* BabyDefine.m */ = {isa = PBXFileReference; fileEncoding = 4; lastKnownFileType = sourcecode.c.objc; path = BabyDefine.m; sourceTree = "<group>"; };
		6B4F13241FDC5424003BF987 /* BabyOptions.h */ = {isa = PBXFileReference; fileEncoding = 4; lastKnownFileType = sourcecode.c.h; path = BabyOptions.h; sourceTree = "<group>"; };
		6B4F13251FDC5424003BF987 /* BabyOptions.m */ = {isa = PBXFileReference; fileEncoding = 4; lastKnownFileType = sourcecode.c.objc; path = BabyOptions.m; sourceTree = "<group>"; };
		6B4F13261FDC5424003BF987 /* BabyPeripheralManager.h */ = {isa = PBXFileReference; fileEncoding = 4; lastKnownFileType = sourcecode.c.h; path = BabyPeripheralManager.h; sourceTree = "<group>"; };
		6B4F13271FDC5424003BF987 /* BabyPeripheralManager.m */ = {isa = PBXFileReference; fileEncoding = 4; lastKnownFileType = sourcecode.c.objc; path = BabyPeripheralManager.m; sourceTree = "<group>"; };
		6B4F13281FDC5424003BF987 /* BabyRhythm.h */ = {isa = PBXFileReference; fileEncoding = 4; lastKnownFileType = sourcecode.c.h; path = BabyRhythm.h; sourceTree = "<group>"; };
		6B4F13291FDC5424003BF987 /* BabyRhythm.m */ = {isa = PBXFileReference; fileEncoding = 4; lastKnownFileType = sourcecode.c.objc; path = BabyRhythm.m; sourceTree = "<group>"; };
		6B4F132A1FDC5424003BF987 /* BabySpeaker.h */ = {isa = PBXFileReference; fileEncoding = 4; lastKnownFileType = sourcecode.c.h; path = BabySpeaker.h; sourceTree = "<group>"; };
		6B4F132B1FDC5424003BF987 /* BabySpeaker.m */ = {isa = PBXFileReference; fileEncoding = 4; lastKnownFileType = sourcecode.c.objc; path = BabySpeaker.m; sourceTree = "<group>"; };
		6B4F132C1FDC5424003BF987 /* BabyToy.h */ = {isa = PBXFileReference; fileEncoding = 4; lastKnownFileType = sourcecode.c.h; path = BabyToy.h; sourceTree = "<group>"; };
		6B4F132D1FDC5424003BF987 /* BabyToy.m */ = {isa = PBXFileReference; fileEncoding = 4; lastKnownFileType = sourcecode.c.objc; path = BabyToy.m; sourceTree = "<group>"; };
		6B4F13431FDC5BCE003BF987 /* controller.h */ = {isa = PBXFileReference; fileEncoding = 4; lastKnownFileType = sourcecode.c.h; path = controller.h; sourceTree = "<group>"; };
		6B4F13451FDC5BED003BF987 /* controller.m */ = {isa = PBXFileReference; fileEncoding = 4; lastKnownFileType = sourcecode.c.objc; path = controller.m; sourceTree = "<group>"; };
		6B7061901FE5497C005B1CA8 /* com_logitow_bridge_communication_platform_mac_MacDeviceManager.h */ = {isa = PBXFileReference; fileEncoding = 4; lastKnownFileType = sourcecode.c.h; path = com_logitow_bridge_communication_platform_mac_MacDeviceManager.h; sourceTree = "<group>"; };
/* End PBXFileReference section */

/* Begin PBXFrameworksBuildPhase section */
		6B4F13091FDC53B5003BF987 /* Frameworks */ = {
			isa = PBXFrameworksBuildPhase;
			buildActionMask = 2147483647;
			files = (
			);
			runOnlyForDeploymentPostprocessing = 0;
		};
/* End PBXFrameworksBuildPhase section */

/* Begin PBXGroup section */
		6B4F13031FDC53B5003BF987 = {
			isa = PBXGroup;
			children = (
				6B4F130E1FDC53B5003BF987 /* LogiTowLib */,
				6B4F130D1FDC53B5003BF987 /* Products */,
			);
			sourceTree = "<group>";
		};
		6B4F130D1FDC53B5003BF987 /* Products */ = {
			isa = PBXGroup;
			children = (
				6B4F130C1FDC53B5003BF987 /* liblogitow.jnilib */,
			);
			name = Products;
			sourceTree = "<group>";
		};
		6B4F130E1FDC53B5003BF987 /* LogiTowLib */ = {
			isa = PBXGroup;
			children = (
				6B4F131B1FDC5424003BF987 /* BabyBluetooth */,
				6B4F13181FDC53C6003BF987 /* jni */,
				6B4F130F1FDC53B5003BF987 /* LogiTowLib.h */,
				6B4F13111FDC53B5003BF987 /* LogiTowLib.m */,
				6B4F13431FDC5BCE003BF987 /* controller.h */,
				6B4F13451FDC5BED003BF987 /* controller.m */,
			);
			path = LogiTowLib;
			sourceTree = "<group>";
		};
		6B4F13181FDC53C6003BF987 /* jni */ = {
			isa = PBXGroup;
			children = (
				6B7061901FE5497C005B1CA8 /* com_logitow_bridge_communication_platform_mac_MacDeviceManager.h */,
			);
			name = jni;
			sourceTree = "<group>";
		};
		6B4F131B1FDC5424003BF987 /* BabyBluetooth */ = {
			isa = PBXGroup;
			children = (
				6B4F131C1FDC5424003BF987 /* BabyBluetooth.h */,
				6B4F131D1FDC5424003BF987 /* BabyBluetooth.m */,
				6B4F131E1FDC5424003BF987 /* BabyCallback.h */,
				6B4F131F1FDC5424003BF987 /* BabyCallback.m */,
				6B4F13201FDC5424003BF987 /* BabyCentralManager.h */,
				6B4F13211FDC5424003BF987 /* BabyCentralManager.m */,
				6B4F13221FDC5424003BF987 /* BabyDefine.h */,
				6B4F13231FDC5424003BF987 /* BabyDefine.m */,
				6B4F13241FDC5424003BF987 /* BabyOptions.h */,
				6B4F13251FDC5424003BF987 /* BabyOptions.m */,
				6B4F13261FDC5424003BF987 /* BabyPeripheralManager.h */,
				6B4F13271FDC5424003BF987 /* BabyPeripheralManager.m */,
				6B4F13281FDC5424003BF987 /* BabyRhythm.h */,
				6B4F13291FDC5424003BF987 /* BabyRhythm.m */,
				6B4F132A1FDC5424003BF987 /* BabySpeaker.h */,
				6B4F132B1FDC5424003BF987 /* BabySpeaker.m */,
				6B4F132C1FDC5424003BF987 /* BabyToy.h */,
				6B4F132D1FDC5424003BF987 /* BabyToy.m */,
			);
			path = BabyBluetooth;
			sourceTree = "<group>";
		};
/* End PBXGroup section */

/* Begin PBXHeadersBuildPhase section */
		6B4F130A1FDC53B5003BF987 /* Headers */ = {
			isa = PBXHeadersBuildPhase;
			buildActionMask = 2147483647;
			files = (
				6B4F132E1FDC5424003BF987 /* BabyBluetooth.h in Headers */,
				6B4F13361FDC5424003BF987 /* BabyOptions.h in Headers */,
				6B4F13441FDC5BCE003BF987 /* controller.h in Headers */,
				6B4F133C1FDC5424003BF987 /* BabySpeaker.h in Headers */,
				6B4F13381FDC5424003BF987 /* BabyPeripheralManager.h in Headers */,
				6B4F13101FDC53B5003BF987 /* LogiTowLib.h in Headers */,
				6B7061911FE5497C005B1CA8 /* com_logitow_bridge_communication_platform_mac_MacDeviceManager.h in Headers */,
				6B4F13301FDC5424003BF987 /* BabyCallback.h in Headers */,
				6B4F133A1FDC5424003BF987 /* BabyRhythm.h in Headers */,
				6B4F13321FDC5424003BF987 /* BabyCentralManager.h in Headers */,
				6B4F13341FDC5424003BF987 /* BabyDefine.h in Headers */,
				6B4F133E1FDC5424003BF987 /* BabyToy.h in Headers */,
			);
			runOnlyForDeploymentPostprocessing = 0;
		};
/* End PBXHeadersBuildPhase section */

/* Begin PBXNativeTarget section */
		6B4F130B1FDC53B5003BF987 /* LogiTowLib */ = {
			isa = PBXNativeTarget;
			buildConfigurationList = 6B4F13151FDC53B5003BF987 /* Build configuration list for PBXNativeTarget "LogiTowLib" */;
			buildPhases = (
				6B4F13081FDC53B5003BF987 /* Sources */,
				6B4F13091FDC53B5003BF987 /* Frameworks */,
				6B4F130A1FDC53B5003BF987 /* Headers */,
			);
			buildRules = (
			);
			dependencies = (
			);
			name = LogiTowLib;
			productName = LogiTowLib;
			productReference = 6B4F130C1FDC53B5003BF987 /* liblogitow.jnilib */;
			productType = "com.apple.product-type.library.dynamic";
		};
/* End PBXNativeTarget section */

/* Begin PBXProject section */
		6B4F13041FDC53B5003BF987 /* Project object */ = {
			isa = PBXProject;
			attributes = {
				LastUpgradeCheck = 0730;
				TargetAttributes = {
					6B4F130B1FDC53B5003BF987 = {
						CreatedOnToolsVersion = 7.3.1;
					};
				};
			};
			buildConfigurationList = 6B4F13071FDC53B5003BF987 /* Build configuration list for PBXProject "LogiTowLib" */;
			compatibilityVersion = "Xcode 3.2";
			developmentRegion = English;
			hasScannedForEncodings = 0;
			knownRegions = (
				en,
			);
			mainGroup = 6B4F13031FDC53B5003BF987;
			productRefGroup = 6B4F130D1FDC53B5003BF987 /* Products */;
			projectDirPath = "";
			projectRoot = "";
			targets = (
				6B4F130B1FDC53B5003BF987 /* LogiTowLib */,
			);
		};
/* End PBXProject section */

/* Begin PBXSourcesBuildPhase section */
		6B4F13081FDC53B5003BF987 /* Sources */ = {
			isa = PBXSourcesBuildPhase;
			buildActionMask = 2147483647;
			files = (
				6B4F133F1FDC5424003BF987 /* BabyToy.m in Sources */,
				6B4F132F1FDC5424003BF987 /* BabyBluetooth.m in Sources */,
				6B4F13461FDC5BED003BF987 /* controller.m in Sources */,
				6B4F133B1FDC5424003BF987 /* BabyRhythm.m in Sources */,
				6B4F13351FDC5424003BF987 /* BabyDefine.m in Sources */,
				6B4F133D1FDC5424003BF987 /* BabySpeaker.m in Sources */,
				6B4F13331FDC5424003BF987 /* BabyCentralManager.m in Sources */,
				6B4F13311FDC5424003BF987 /* BabyCallback.m in Sources */,
				6B4F13391FDC5424003BF987 /* BabyPeripheralManager.m in Sources */,
				6B4F13371FDC5424003BF987 /* BabyOptions.m in Sources */,
				6B4F13121FDC53B5003BF987 /* LogiTowLib.m in Sources */,
			);
			runOnlyForDeploymentPostprocessing = 0;
		};
/* End PBXSourcesBuildPhase section */

/* Begin XCBuildConfiguration section */
		6B4F13131FDC53B5003BF987 /* Debug */ = {
			isa = XCBuildConfiguration;
			buildSettings = {
				ALWAYS_SEARCH_USER_PATHS = NO;
				CLANG_ANALYZER_NONNULL = YES;
				CLANG_CXX_LANGUAGE_STANDARD = "gnu++0x";
				CLANG_CXX_LIBRARY = "libc++";
				CLANG_ENABLE_MODULES = YES;
				CLANG_ENABLE_OBJC_ARC = YES;
				CLANG_WARN_BOOL_CONVERSION = YES;
				CLANG_WARN_CONSTANT_CONVERSION = YES;
				CLANG_WARN_DIRECT_OBJC_ISA_USAGE = YES_ERROR;
				CLANG_WARN_EMPTY_BODY = YES;
				CLANG_WARN_ENUM_CONVERSION = YES;
				CLANG_WARN_INT_CONVERSION = YES;
				CLANG_WARN_OBJC_ROOT_CLASS = YES_ERROR;
				CLANG_WARN_UNREACHABLE_CODE = YES;
				CLANG_WARN__DUPLICATE_METHOD_MATCH = YES;
				CODE_SIGN_IDENTITY = "-";
				COPY_PHASE_STRIP = NO;
				DEBUG_INFORMATION_FORMAT = dwarf;
				ENABLE_STRICT_OBJC_MSGSEND = YES;
				ENABLE_TESTABILITY = YES;
				GCC_C_LANGUAGE_STANDARD = gnu99;
				GCC_DYNAMIC_NO_PIC = NO;
				GCC_NO_COMMON_BLOCKS = YES;
				GCC_OPTIMIZATION_LEVEL = 0;
				GCC_PREPROCESSOR_DEFINITIONS = (
					"DEBUG=1",
					"$(inherited)",
				);
				GCC_WARN_64_TO_32_BIT_CONVERSION = YES;
				GCC_WARN_ABOUT_RETURN_TYPE = YES_ERROR;
				GCC_WARN_UNDECLARED_SELECTOR = YES;
				GCC_WARN_UNINITIALIZED_AUTOS = YES_AGGRESSIVE;
				GCC_WARN_UNUSED_FUNCTION = YES;
				GCC_WARN_UNUSED_VARIABLE = YES;
				MACOSX_DEPLOYMENT_TARGET = 10.10;
				MTL_ENABLE_DEBUG_INFO = YES;
				ONLY_ACTIVE_ARCH = YES;
				SDKROOT = macosx;
			};
			name = Debug;
		};
		6B4F13141FDC53B5003BF987 /* Release */ = {
			isa = XCBuildConfiguration;
			buildSettings = {
				ALWAYS_SEARCH_USER_PATHS = NO;
				CLANG_ANALYZER_NONNULL = YES;
				CLANG_CXX_LANGUAGE_STANDARD = "gnu++0x";
				CLANG_CXX_LIBRARY = "libc++";
				CLANG_ENABLE_MODULES = YES;
				CLANG_ENABLE_OBJC_ARC = YES;
				CLANG_WARN_BOOL_CONVERSION = YES;
				CLANG_WARN_CONSTANT_CONVERSION = YES;
				CLANG_WARN_DIRECT_OBJC_ISA_USAGE = YES_ERROR;
				CLANG_WARN_EMPTY_BODY = YES;
				CLANG_WARN_ENUM_CONVERSION = YES;
				CLANG_WARN_INT_CONVERSION = YES;
				CLANG_WARN_OBJC_ROOT_CLASS = YES_ERROR;
				CLANG_WARN_UNREACHABLE_CODE = YES;
				CLANG_WARN__DUPLICATE_METHOD_MATCH = YES;
				CODE_SIGN_IDENTITY = "-";
				COPY_PHASE_STRIP = NO;
				DEBUG_INFORMATION_FORMAT = "dwarf-with-dsym";
				ENABLE_NS_ASSERTIONS = NO;
				ENABLE_STRICT_OBJC_MSGSEND = YES;
				GCC_C_LANGUAGE_STANDARD = gnu99;
				GCC_NO_COMMON_BLOCKS = YES;
				GCC_WARN_64_TO_32_BIT_CONVERSION = YES;
				GCC_WARN_ABOUT_RETURN_TYPE = YES_ERROR;
				GCC_WARN_UNDECLARED_SELECTOR = YES;
				GCC_WARN_UNINITIALIZED_AUTOS = YES_AGGRESSIVE;
				GCC_WARN_UNUSED_FUNCTION = YES;
				GCC_WARN_UNUSED_VARIABLE = YES;
				MACOSX_DEPLOYMENT_TARGET = 10.10;
				MTL_ENABLE_DEBUG_INFO = NO;
				SDKROOT = macosx;
			};
			name = Release;
		};
		6B4F13161FDC53B5003BF987 /* Debug */ = {
			isa = XCBuildConfiguration;
			buildSettings = {
				DYLIB_COMPATIBILITY_VERSION = 1;
				DYLIB_CURRENT_VERSION = 1;
				EXECUTABLE_EXTENSION = jnilib;
				EXECUTABLE_PREFIX = lib;
				FRAMEWORK_SEARCH_PATHS = /System/Library/Frameworks/JavaVM.framework/Frameworks/JavaNativeFoundation.framework/;
				PRODUCT_NAME = logitow;
				SYMROOT = "/Volumes/NewBadDrive/Coding/Dektop/logitow-bridge/resources/native";
			};
			name = Debug;
		};
		6B4F13171FDC53B5003BF987 /* Release */ = {
			isa = XCBuildConfiguration;
			buildSettings = {
				DYLIB_COMPATIBILITY_VERSION = 1;
				DYLIB_CURRENT_VERSION = 1;
				EXECUTABLE_EXTENSION = jnilib;
				EXECUTABLE_PREFIX = lib;
				FRAMEWORK_SEARCH_PATHS = /System/Library/Frameworks/JavaVM.framework/Frameworks/JavaNativeFoundation.framework/;
				PRODUCT_NAME = logitow;
				SYMROOT = "/Volumes/NewBadDrive/Coding/Dektop/logitow-bridge/resources/native";
			};
			name = Release;
		};
/* End XCBuildConfiguration section */

/* Begin XCConfigurationList section */
		6B4F13071FDC53B5003BF987 /* Build configuration list for PBXProject "LogiTowLib" */ = {
			isa = XCConfigurationList;
			buildConfigurations = (
				6B4F13131FDC53B5003BF987 /* Debug */,
				6B4F13141FDC53B5003BF987 /* Release */,
			);
			defaultConfigurationIsVisible = 0;
			defaultConfigurationName = Release;
		};
		6B4F13151FDC53B5003BF987 /* Build configuration list for PBXNativeTarget "LogiTowLib" */ = {
			isa = XCConfigurationList;
			buildConfigurations = (
				6B4F13161FDC53B5003BF987 /* Debug */,
				6B4F13171FDC53B5003BF987 /* Release */,
			);
			defaultConfigurationIsVisible = 0;
			defaultConfigurationName = Release;
		};
/* End XCConfigurationList section */
	};
	rootObject = 6B4F13041FDC53B5003BF987 /* Project object */;
}
